
Microsoft Visual Studio Solution File, Format Version 12.00
# Visual Studio Version 16
VisualStudioVersion = 16.0.31424.327
MinimumVisualStudioVersion = 10.0.40219.1
Project("{FAE04EC0-301F-11D3-BF4B-00C04F79EFBC}") = "BackendService", "BackendService.csproj", "{099B2C82-8F18-406D-B460-5A89392445D6}"
EndProject
Global
	GlobalSection(SolutionConfigurationPlatforms) = preSolution
		Debug|Any CPU = Debug|Any CPU
		Release|Any CPU = Release|Any CPU
	EndGlobalSection
	GlobalSection(ProjectConfigurationPlatforms) = postSolution
		{099B2C82-8F18-406D-B460-5A89392445D6}.Debug|Any CPU.ActiveCfg = Debug|Any CPU
		{099B2C82-8F18-406D-B460-5A89392445D6}.Debug|Any CPU.Build.0 = Debug|Any CPU
		{099B2C82-8F18-406D-B460-5A89392445D6}.Release|Any CPU.ActiveCfg = Release|Any CPU
		{099B2C82-8F18-406D-B460-5A89392445D6}.Release|Any CPU.Build.0 = Release|Any CPU
	EndGlobalSection
	GlobalSection(SolutionProperties) = preSolution
		HideSolutionNode = FALSE
	EndGlobalSection
	GlobalSection(ExtensibilityGlobals) = postSolution
		SolutionGuid = {90D4EF98-EB22-4B5D-B566-51C0E5C7858C}
	EndGlobalSection
EndGlobal
